<Solution>
  <Project Path="Conditional_Coin_Toss/Conditional_Coin_Toss.csproj" />
  <Project Path="Loops_Bank-Account-Info/Loops_Bank-Account-Info.csproj" Id="3a2f35d0-b538-4083-8bf4-a5a9613d2cef" />
  <Project Path="Loops_Break-Even/Loops_Break-Even.csproj" Id="bbafe35f-b82c-43a7-823a-eb7c697c4a17" />
  <Project Path="Loops_Guess-A-Number/Loops_Guess-A-Number.csproj" Id="76bfa61f-36fe-4974-9e51-267dc99c1989" />
  <Project Path="String_Manipulation-Palindrome/String_Manipulation-Palindrome.csproj" Id="1580a772-2503-4ab5-84e2-c92e08dae655" />
</Solution>
