<Solution>
  <Project Path="Classes_Cereal/Classes_Cereal.csproj" Id="7c19445c-1f90-452c-b466-1d159897a33f" />
  <Project Path="Classes_Easterbunny/Classes_Easterbunny.csproj" Id="436ff959-b8d0-4b04-82cb-580a98d800d9" />
  <Project Path="Classes_Pharmaceutical/Classes_Pharmaceutical.csproj" Id="c1edd292-52e2-4909-b728-d2e6c945790e" />
  <Project Path="Classes_Toy/Classes_Toy.csproj" Id="e4686b10-0d9b-44a2-821b-5251db174deb" />
  <Project Path="Classes_ToyBox/Classes_ToyBox.csproj" Id="735a76fd-312f-423c-9be2-6256a28419ef" />
  <Project Path="Collections_Dictionary/Collections_Dictionary.csproj" Id="7673c1c9-9970-4661-babc-44954613aec0" />
  <Project Path="Collections_Grocery-List/Collections_Grocery-List.csproj" Id="9745a723-1c3f-4230-8393-53f66778bc47" />
  <Project Path="Collections_Min_Max_Avg-Arrays/Collections_Min_Max_Avg-Arrays.csproj" Id="231d6e35-719e-4ff1-b495-d2e2ed609f57" />
  <Project Path="Conditional_Coin_Toss/Conditional_Coin_Toss.csproj" />
  <Project Path="Functions_Grade-Calculator/Functions_Grade-Calculator.csproj" Id="47a7c0b3-1a6a-4ccc-931b-e208e8cd1ca1" />
  <Project Path="JSON_From-A-File/JSON_From-A-File.csproj" Id="430c1fd2-a41d-4800-9cf3-6cbddd452b8b" />
  <Project Path="JSON_Stock-Sales/JSON_Stock-Sales.csproj" Id="15a7bd64-bfc1-4ec9-80b6-e0127f13ab7b" />
  <Project Path="Loops_Bank-Account-Info/Loops_Bank-Account-Info.csproj" Id="3a2f35d0-b538-4083-8bf4-a5a9613d2cef" />
  <Project Path="Loops_Break-Even/Loops_Break-Even.csproj" Id="bbafe35f-b82c-43a7-823a-eb7c697c4a17" />
  <Project Path="Loops_Guess-A-Number/Loops_Guess-A-Number.csproj" Id="76bfa61f-36fe-4974-9e51-267dc99c1989" />
  <Project Path="Module_1-Comprehensive/Module_1-Comprehensive.csproj" Id="5a21fade-c2cf-459f-99fe-116dda6c6044" />
  <Project Path="String_Manipulation-Palindrome/String_Manipulation-Palindrome.csproj" Id="1580a772-2503-4ab5-84e2-c92e08dae655" />
</Solution>
